{
  "name": "timer.js",
  "version": "1.0.0",
  "lockfileVersion": 2,
  "requires": true,
  "packages": {
    "": {
      "name": "timer.js",
      "version": "1.0.0",
      "license": "MIT",
      "dependencies": {
        "@types/node": "^16.4.14"
      }
    },
    "node_modules/@types/node": {
      "version": "16.4.14",
      "resolved": "https://registry.npmjs.org/@types/node/-/node-16.4.14.tgz",
      "integrity": "sha512-GZpnVRNtv7sHDXIFncsERt+qvj4rzAgRQtnvzk3Z7OVNtThD2dHXYCMDNc80D5mv4JE278qo8biZCwcmkbdpqw=="
    }
  },
  "dependencies": {
    "@types/node": {
      "version": "16.4.14",
      "resolved": "https://registry.npmjs.org/@types/node/-/node-16.4.14.tgz",
      "integrity": "sha512-GZpnVRNtv7sHDXIFncsERt+qvj4rzAgRQtnvzk3Z7OVNtThD2dHXYCMDNc80D5mv4JE278qo8biZCwcmkbdpqw=="
    }
  }
}
